// !$*UTF8*$!
{
	archiveVersion = 1;
	classes = {
	};
	objectVersion = 55;
	objects = {

/* Begin PBXBuildFile section */
		C2E2C35B2758F90F00E9D0D3 /* BlackJackApp.swift in Sources */ = {isa = PBXBuildFile; fileRef = C2E2C35A2758F90F00E9D0D3 /* BlackJackApp.swift */; };
		C2E2C35D2758F90F00E9D0D3 /* ContentView.swift in Sources */ = {isa = PBXBuildFile; fileRef = C2E2C35C2758F90F00E9D0D3 /* ContentView.swift */; };
		C2E2C35F2758F91000E9D0D3 /* Assets.xcassets in Resources */ = {isa = PBXBuildFile; fileRef = C2E2C35E2758F91000E9D0D3 /* Assets.xcassets */; };
		C2E2C3622758F91000E9D0D3 /* Preview Assets.xcassets in Resources */ = {isa = PBXBuildFile; fileRef = C2E2C3612758F91000E9D0D3 /* Preview Assets.xcassets */; };
		C2E2C36D2758F97000E9D0D3 /* CardView.swift in Sources */ = {isa = PBXBuildFile; fileRef = C2E2C36C2758F97000E9D0D3 /* CardView.swift */; };
		C2E2C36F2758F97800E9D0D3 /* CardUtils.swift in Sources */ = {isa = PBXBuildFile; fileRef = C2E2C36E2758F97800E9D0D3 /* CardUtils.swift */; };
		C2E2C3712758F97D00E9D0D3 /* Card.swift in Sources */ = {isa = PBXBuildFile; fileRef = C2E2C3702758F97D00E9D0D3 /* Card.swift */; };
		C2E2C3732758FB0800E9D0D3 /* ViewModel.swift in Sources */ = {isa = PBXBuildFile; fileRef = C2E2C3722758FB0800E9D0D3 /* ViewModel.swift */; };
/* End PBXBuildFile section */

/* Begin PBXFileReference section */
		C2E2C3572758F90F00E9D0D3 /* BlackJack.app */ = {isa = PBXFileReference; explicitFileType = wrapper.application; includeInIndex = 0; path = BlackJack.app; sourceTree = BUILT_PRODUCTS_DIR; };
		C2E2C35A2758F90F00E9D0D3 /* BlackJackApp.swift */ = {isa = PBXFileReference; lastKnownFileType = sourcecode.swift; path = BlackJackApp.swift; sourceTree = "<group>"; };
		C2E2C35C2758F90F00E9D0D3 /* ContentView.swift */ = {isa = PBXFileReference; lastKnownFileType = sourcecode.swift; path = ContentView.swift; sourceTree = "<group>"; };
		C2E2C35E2758F91000E9D0D3 /* Assets.xcassets */ = {isa = PBXFileReference; lastKnownFileType = folder.assetcatalog; path = Assets.xcassets; sourceTree = "<group>"; };
		C2E2C3612758F91000E9D0D3 /* Preview Assets.xcassets */ = {isa = PBXFileReference; lastKnownFileType = folder.assetcatalog; path = "Preview Assets.xcassets"; sourceTree = "<group>"; };
		C2E2C36C2758F97000E9D0D3 /* CardView.swift */ = {isa = PBXFileReference; fileEncoding = 4; lastKnownFileType = sourcecode.swift; path = CardView.swift; sourceTree = "<group>"; };
		C2E2C36E2758F97800E9D0D3 /* CardUtils.swift */ = {isa = PBXFileReference; fileEncoding = 4; lastKnownFileType = sourcecode.swift; path = CardUtils.swift; sourceTree = "<group>"; };
		C2E2C3702758F97D00E9D0D3 /* Card.swift */ = {isa = PBXFileReference; fileEncoding = 4; lastKnownFileType = sourcecode.swift; path = Card.swift; sourceTree = "<group>"; };
		C2E2C3722758FB0800E9D0D3 /* ViewModel.swift */ = {isa = PBXFileReference; lastKnownFileType = sourcecode.swift; path = ViewModel.swift; sourceTree = "<group>"; };
/* End PBXFileReference section */

/* Begin PBXFrameworksBuildPhase section */
		C2E2C3542758F90E00E9D0D3 /* Frameworks */ = {
			isa = PBXFrameworksBuildPhase;
			buildActionMask = 2147483647;
			files = (
			);
			runOnlyForDeploymentPostprocessing = 0;
		};
/* End PBXFrameworksBuildPhase section */

/* Begin PBXGroup section */
		C2E2C34E2758F90E00E9D0D3 = {
			isa = PBXGroup;
			children = (
				C2E2C3592758F90F00E9D0D3 /* BlackJack */,
				C2E2C3582758F90F00E9D0D3 /* Products */,
			);
			sourceTree = "<group>";
		};
		C2E2C3582758F90F00E9D0D3 /* Products */ = {
			isa = PBXGroup;
			children = (
				C2E2C3572758F90F00E9D0D3 /* BlackJack.app */,
			);
			name = Products;
			sourceTree = "<group>";
		};
		C2E2C3592758F90F00E9D0D3 /* BlackJack */ = {
			isa = PBXGroup;
			children = (
				C2E2C36B2758F95F00E9D0D3 /* ViewModels */,
				C2E2C36A2758F95800E9D0D3 /* Views */,
				C2E2C3692758F93500E9D0D3 /* Models */,
				C2E2C3682758F92100E9D0D3 /* Supporting Files */,
				C2E2C3602758F91000E9D0D3 /* Preview Content */,
			);
			path = BlackJack;
			sourceTree = "<group>";
		};
		C2E2C3602758F91000E9D0D3 /* Preview Content */ = {
			isa = PBXGroup;
			children = (
				C2E2C3612758F91000E9D0D3 /* Preview Assets.xcassets */,
			);
			path = "Preview Content";
			sourceTree = "<group>";
		};
		C2E2C3682758F92100E9D0D3 /* Supporting Files */ = {
			isa = PBXGroup;
			children = (
				C2E2C35E2758F91000E9D0D3 /* Assets.xcassets */,
				C2E2C35A2758F90F00E9D0D3 /* BlackJackApp.swift */,
			);
			name = "Supporting Files";
			sourceTree = "<group>";
		};
		C2E2C3692758F93500E9D0D3 /* Models */ = {
			isa = PBXGroup;
			children = (
				C2E2C36E2758F97800E9D0D3 /* CardUtils.swift */,
				C2E2C3702758F97D00E9D0D3 /* Card.swift */,
			);
			path = Models;
			sourceTree = "<group>";
		};
		C2E2C36A2758F95800E9D0D3 /* Views */ = {
			isa = PBXGroup;
			children = (
				C2E2C35C2758F90F00E9D0D3 /* ContentView.swift */,
				C2E2C36C2758F97000E9D0D3 /* CardView.swift */,
			);
			path = Views;
			sourceTree = "<group>";
		};
		C2E2C36B2758F95F00E9D0D3 /* ViewModels */ = {
			isa = PBXGroup;
			children = (
				C2E2C3722758FB0800E9D0D3 /* ViewModel.swift */,
			);
			path = ViewModels;
			sourceTree = "<group>";
		};
/* End PBXGroup section */

/* Begin PBXNativeTarget section */
		C2E2C3562758F90E00E9D0D3 /* BlackJack */ = {
			isa = PBXNativeTarget;
			buildConfigurationList = C2E2C3652758F91000E9D0D3 /* Build configuration list for PBXNativeTarget "BlackJack" */;
			buildPhases = (
				C2E2C3532758F90E00E9D0D3 /* Sources */,
				C2E2C3542758F90E00E9D0D3 /* Frameworks */,
				C2E2C3552758F90E00E9D0D3 /* Resources */,
			);
			buildRules = (
			);
			dependencies = (
			);
			name = BlackJack;
			productName = TP05_BlackJack;
			productReference = C2E2C3572758F90F00E9D0D3 /* BlackJack.app */;
			productType = "com.apple.product-type.application";
		};
/* End PBXNativeTarget section */

/* Begin PBXProject section */
		C2E2C34F2758F90E00E9D0D3 /* Project object */ = {
			isa = PBXProject;
			attributes = {
				BuildIndependentTargetsInParallel = 1;
				LastSwiftUpdateCheck = 1310;
				LastUpgradeCheck = 1310;
				TargetAttributes = {
					C2E2C3562758F90E00E9D0D3 = {
						CreatedOnToolsVersion = 13.1;
					};
				};
			};
			buildConfigurationList = C2E2C3522758F90E00E9D0D3 /* Build configuration list for PBXProject "BlackJack" */;
			compatibilityVersion = "Xcode 13.0";
			developmentRegion = en;
			hasScannedForEncodings = 0;
			knownRegions = (
				en,
				Base,
			);
			mainGroup = C2E2C34E2758F90E00E9D0D3;
			productRefGroup = C2E2C3582758F90F00E9D0D3 /* Products */;
			projectDirPath = "";
			projectRoot = "";
			targets = (
				C2E2C3562758F90E00E9D0D3 /* BlackJack */,
			);
		};
/* End PBXProject section */

/* Begin PBXResourcesBuildPhase section */
		C2E2C3552758F90E00E9D0D3 /* Resources */ = {
			isa = PBXResourcesBuildPhase;
			buildActionMask = 2147483647;
			files = (
				C2E2C3622758F91000E9D0D3 /* Preview Assets.xcassets in Resources */,
				C2E2C35F2758F91000E9D0D3 /* Assets.xcassets in Resources */,
			);
			runOnlyForDeploymentPostprocessing = 0;
		};
/* End PBXResourcesBuildPhase section */

/* Begin PBXSourcesBuildPhase section */
		C2E2C3532758F90E00E9D0D3 /* Sources */ = {
			isa = PBXSourcesBuildPhase;
			buildActionMask = 2147483647;
			files = (
				C2E2C35D2758F90F00E9D0D3 /* ContentView.swift in Sources */,
				C2E2C36F2758F97800E9D0D3 /* CardUtils.swift in Sources */,
				C2E2C3712758F97D00E9D0D3 /* Card.swift in Sources */,
				C2E2C36D2758F97000E9D0D3 /* CardView.swift in Sources */,
				C2E2C3732758FB0800E9D0D3 /* ViewModel.swift in Sources */,
				C2E2C35B2758F90F00E9D0D3 /* BlackJackApp.swift in Sources */,
			);
			runOnlyForDeploymentPostprocessing = 0;
		};
/* End PBXSourcesBuildPhase section */

/* Begin XCBuildConfiguration section */
		C2E2C3632758F91000E9D0D3 /* Debug */ = {
			isa = XCBuildConfiguration;
			buildSettings = {
				ALWAYS_SEARCH_USER_PATHS = NO;
				CLANG_ANALYZER_NONNULL = YES;
				CLANG_ANALYZER_NUMBER_OBJECT_CONVERSION = YES_AGGRESSIVE;
				CLANG_CXX_LANGUAGE_STANDARD = "gnu++17";
				CLANG_CXX_LIBRARY = "libc++";
				CLANG_ENABLE_MODULES = YES;
				CLANG_ENABLE_OBJC_ARC = YES;
				CLANG_ENABLE_OBJC_WEAK = YES;
				CLANG_WARN_BLOCK_CAPTURE_AUTORELEASING = YES;
				CLANG_WARN_BOOL_CONVERSION = YES;
				CLANG_WARN_COMMA = YES;
				CLANG_WARN_CONSTANT_CONVERSION = YES;
				CLANG_WARN_DEPRECATED_OBJC_IMPLEMENTATIONS = YES;
				CLANG_WARN_DIRECT_OBJC_ISA_USAGE = YES_ERROR;
				CLANG_WARN_DOCUMENTATION_COMMENTS = YES;
				CLANG_WARN_EMPTY_BODY = YES;
				CLANG_WARN_ENUM_CONVERSION = YES;
				CLANG_WARN_INFINITE_RECURSION = YES;
				CLANG_WARN_INT_CONVERSION = YES;
				CLANG_WARN_NON_LITERAL_NULL_CONVERSION = YES;
				CLANG_WARN_OBJC_IMPLICIT_RETAIN_SELF = YES;
				CLANG_WARN_OBJC_LITERAL_CONVERSION = YES;
				CLANG_WARN_OBJC_ROOT_CLASS = YES_ERROR;
				CLANG_WARN_QUOTED_INCLUDE_IN_FRAMEWORK_HEADER = YES;
				CLANG_WARN_RANGE_LOOP_ANALYSIS = YES;
				CLANG_WARN_STRICT_PROTOTYPES = YES;
				CLANG_WARN_SUSPICIOUS_MOVE = YES;
				CLANG_WARN_UNGUARDED_AVAILABILITY = YES_AGGRESSIVE;
				CLANG_WARN_UNREACHABLE_CODE = YES;
				CLANG_WARN__DUPLICATE_METHOD_MATCH = YES;
				COPY_PHASE_STRIP = NO;
				DEBUG_INFORMATION_FORMAT = dwarf;
				ENABLE_STRICT_OBJC_MSGSEND = YES;
				ENABLE_TESTABILITY = YES;
				GCC_C_LANGUAGE_STANDARD = gnu11;
				GCC_DYNAMIC_NO_PIC = NO;
				GCC_NO_COMMON_BLOCKS = YES;
				GCC_OPTIMIZATION_LEVEL = 0;
				GCC_PREPROCESSOR_DEFINITIONS = (
					"DEBUG=1",
					"$(inherited)",
				);
				GCC_WARN_64_TO_32_BIT_CONVERSION = YES;
				GCC_WARN_ABOUT_RETURN_TYPE = YES_ERROR;
				GCC_WARN_UNDECLARED_SELECTOR = YES;
				GCC_WARN_UNINITIALIZED_AUTOS = YES_AGGRESSIVE;
				GCC_WARN_UNUSED_FUNCTION = YES;
				GCC_WARN_UNUSED_VARIABLE = YES;
				IPHONEOS_DEPLOYMENT_TARGET = 15.0;
				MTL_ENABLE_DEBUG_INFO = INCLUDE_SOURCE;
				MTL_FAST_MATH = YES;
				ONLY_ACTIVE_ARCH = YES;
				SDKROOT = iphoneos;
				SWIFT_ACTIVE_COMPILATION_CONDITIONS = DEBUG;
				SWIFT_OPTIMIZATION_LEVEL = "-Onone";
			};
			name = Debug;
		};
		C2E2C3642758F91000E9D0D3 /* Release */ = {
			isa = XCBuildConfiguration;
			buildSettings = {
				ALWAYS_SEARCH_USER_PATHS = NO;
				CLANG_ANALYZER_NONNULL = YES;
				CLANG_ANALYZER_NUMBER_OBJECT_CONVERSION = YES_AGGRESSIVE;
				CLANG_CXX_LANGUAGE_STANDARD = "gnu++17";
				CLANG_CXX_LIBRARY = "libc++";
				CLANG_ENABLE_MODULES = YES;
				CLANG_ENABLE_OBJC_ARC = YES;
				CLANG_ENABLE_OBJC_WEAK = YES;
				CLANG_WARN_BLOCK_CAPTURE_AUTORELEASING = YES;
				CLANG_WARN_BOOL_CONVERSION = YES;
				CLANG_WARN_COMMA = YES;
				CLANG_WARN_CONSTANT_CONVERSION = YES;
				CLANG_WARN_DEPRECATED_OBJC_IMPLEMENTATIONS = YES;
				CLANG_WARN_DIRECT_OBJC_ISA_USAGE = YES_ERROR;
				CLANG_WARN_DOCUMENTATION_COMMENTS = YES;
				CLANG_WARN_EMPTY_BODY = YES;
				CLANG_WARN_ENUM_CONVERSION = YES;
				CLANG_WARN_INFINITE_RECURSION = YES;
				CLANG_WARN_INT_CONVERSION = YES;
				CLANG_WARN_NON_LITERAL_NULL_CONVERSION = YES;
				CLANG_WARN_OBJC_IMPLICIT_RETAIN_SELF = YES;
				CLANG_WARN_OBJC_LITERAL_CONVERSION = YES;
				CLANG_WARN_OBJC_ROOT_CLASS = YES_ERROR;
				CLANG_WARN_QUOTED_INCLUDE_IN_FRAMEWORK_HEADER = YES;
				CLANG_WARN_RANGE_LOOP_ANALYSIS = YES;
				CLANG_WARN_STRICT_PROTOTYPES = YES;
				CLANG_WARN_SUSPICIOUS_MOVE = YES;
				CLANG_WARN_UNGUARDED_AVAILABILITY = YES_AGGRESSIVE;
				CLANG_WARN_UNREACHABLE_CODE = YES;
				CLANG_WARN__DUPLICATE_METHOD_MATCH = YES;
				COPY_PHASE_STRIP = NO;
				DEBUG_INFORMATION_FORMAT = "dwarf-with-dsym";
				ENABLE_NS_ASSERTIONS = NO;
				ENABLE_STRICT_OBJC_MSGSEND = YES;
				GCC_C_LANGUAGE_STANDARD = gnu11;
				GCC_NO_COMMON_BLOCKS = YES;
				GCC_WARN_64_TO_32_BIT_CONVERSION = YES;
				GCC_WARN_ABOUT_RETURN_TYPE = YES_ERROR;
				GCC_WARN_UNDECLARED_SELECTOR = YES;
				GCC_WARN_UNINITIALIZED_AUTOS = YES_AGGRESSIVE;
				GCC_WARN_UNUSED_FUNCTION = YES;
				GCC_WARN_UNUSED_VARIABLE = YES;
				IPHONEOS_DEPLOYMENT_TARGET = 15.0;
				MTL_ENABLE_DEBUG_INFO = NO;
				MTL_FAST_MATH = YES;
				SDKROOT = iphoneos;
				SWIFT_COMPILATION_MODE = wholemodule;
				SWIFT_OPTIMIZATION_LEVEL = "-O";
				VALIDATE_PRODUCT = YES;
			};
			name = Release;
		};
		C2E2C3662758F91000E9D0D3 /* Debug */ = {
			isa = XCBuildConfiguration;
			buildSettings = {
				ASSETCATALOG_COMPILER_APPICON_NAME = AppIcon;
				ASSETCATALOG_COMPILER_GLOBAL_ACCENT_COLOR_NAME = AccentColor;
				CODE_SIGN_STYLE = Automatic;
				CURRENT_PROJECT_VERSION = 1;
				DEVELOPMENT_ASSET_PATHS = "\"BlackJack/Preview Content\"";
				DEVELOPMENT_TEAM = 8ZYAE5XCMD;
				ENABLE_PREVIEWS = YES;
				GENERATE_INFOPLIST_FILE = YES;
				INFOPLIST_KEY_UIApplicationSceneManifest_Generation = YES;
				INFOPLIST_KEY_UIApplicationSupportsIndirectInputEvents = YES;
				INFOPLIST_KEY_UILaunchScreen_Generation = YES;
				INFOPLIST_KEY_UISupportedInterfaceOrientations_iPad = "UIInterfaceOrientationPortrait UIInterfaceOrientationPortraitUpsideDown UIInterfaceOrientationLandscapeLeft UIInterfaceOrientationLandscapeRight";
				INFOPLIST_KEY_UISupportedInterfaceOrientations_iPhone = "UIInterfaceOrientationPortrait UIInterfaceOrientationLandscapeLeft UIInterfaceOrientationLandscapeRight";
				LD_RUNPATH_SEARCH_PATHS = (
					"$(inherited)",
					"@executable_path/Frameworks",
				);
				MARKETING_VERSION = 1.0;
				PRODUCT_BUNDLE_IDENTIFIER = ch.heia.tic.BlackJack;
				PRODUCT_NAME = "$(TARGET_NAME)";
				SWIFT_EMIT_LOC_STRINGS = YES;
				SWIFT_VERSION = 5.0;
				TARGETED_DEVICE_FAMILY = "1,2";
			};
			name = Debug;
		};
		C2E2C3672758F91000E9D0D3 /* Release */ = {
			isa = XCBuildConfiguration;
			buildSettings = {
				ASSETCATALOG_COMPILER_APPICON_NAME = AppIcon;
				ASSETCATALOG_COMPILER_GLOBAL_ACCENT_COLOR_NAME = AccentColor;
				CODE_SIGN_STYLE = Automatic;
				CURRENT_PROJECT_VERSION = 1;
				DEVELOPMENT_ASSET_PATHS = "\"BlackJack/Preview Content\"";
				DEVELOPMENT_TEAM = 8ZYAE5XCMD;
				ENABLE_PREVIEWS = YES;
				GENERATE_INFOPLIST_FILE = YES;
				INFOPLIST_KEY_UIApplicationSceneManifest_Generation = YES;
				INFOPLIST_KEY_UIApplicationSupportsIndirectInputEvents = YES;
				INFOPLIST_KEY_UILaunchScreen_Generation = YES;
				INFOPLIST_KEY_UISupportedInterfaceOrientations_iPad = "UIInterfaceOrientationPortrait UIInterfaceOrientationPortraitUpsideDown UIInterfaceOrientationLandscapeLeft UIInterfaceOrientationLandscapeRight";
				INFOPLIST_KEY_UISupportedInterfaceOrientations_iPhone = "UIInterfaceOrientationPortrait UIInterfaceOrientationLandscapeLeft UIInterfaceOrientationLandscapeRight";
				LD_RUNPATH_SEARCH_PATHS = (
					"$(inherited)",
					"@executable_path/Frameworks",
				);
				MARKETING_VERSION = 1.0;
				PRODUCT_BUNDLE_IDENTIFIER = ch.heia.tic.BlackJack;
				PRODUCT_NAME = "$(TARGET_NAME)";
				SWIFT_EMIT_LOC_STRINGS = YES;
				SWIFT_VERSION = 5.0;
				TARGETED_DEVICE_FAMILY = "1,2";
			};
			name = Release;
		};
/* End XCBuildConfiguration section */

/* Begin XCConfigurationList section */
		C2E2C3522758F90E00E9D0D3 /* Build configuration list for PBXProject "BlackJack" */ = {
			isa = XCConfigurationList;
			buildConfigurations = (
				C2E2C3632758F91000E9D0D3 /* Debug */,
				C2E2C3642758F91000E9D0D3 /* Release */,
			);
			defaultConfigurationIsVisible = 0;
			defaultConfigurationName = Release;
		};
		C2E2C3652758F91000E9D0D3 /* Build configuration list for PBXNativeTarget "BlackJack" */ = {
			isa = XCConfigurationList;
			buildConfigurations = (
				C2E2C3662758F91000E9D0D3 /* Debug */,
				C2E2C3672758F91000E9D0D3 /* Release */,
			);
			defaultConfigurationIsVisible = 0;
			defaultConfigurationName = Release;
		};
/* End XCConfigurationList section */
	};
	rootObject = C2E2C34F2758F90E00E9D0D3 /* Project object */;
}
